
Microsoft Visual Studio Solution File, Format Version 12.00
# Visual Studio Version 16
VisualStudioVersion = 16.0.30413.136
MinimumVisualStudioVersion = 10.0.40219.1
Project("{FAE04EC0-301F-11D3-BF4B-00C04F79EFBC}") = "To-Do-List-Api", "To-Do-List-Api\To-Do-List-Api.csproj", "{9E6F9143-F64D-42FB-9795-CC601009C958}"
EndProject
Project("{FAE04EC0-301F-11D3-BF4B-00C04F79EFBC}") = "To-Do-List.Test", "To-Do-List.Test\To-Do-List.Test.csproj", "{1FDB7394-CFED-4237-B5CF-045CBBEB3798}"
EndProject
Global
	GlobalSection(SolutionConfigurationPlatforms) = preSolution
		Debug|Any CPU = Debug|Any CPU
		Release|Any CPU = Release|Any CPU
	EndGlobalSection
	GlobalSection(ProjectConfigurationPlatforms) = postSolution
		{9E6F9143-F64D-42FB-9795-CC601009C958}.Debug|Any CPU.ActiveCfg = Debug|Any CPU
		{9E6F9143-F64D-42FB-9795-CC601009C958}.Debug|Any CPU.Build.0 = Debug|Any CPU
		{9E6F9143-F64D-42FB-9795-CC601009C958}.Release|Any CPU.ActiveCfg = Release|Any CPU
		{9E6F9143-F64D-42FB-9795-CC601009C958}.Release|Any CPU.Build.0 = Release|Any CPU
		{1FDB7394-CFED-4237-B5CF-045CBBEB3798}.Debug|Any CPU.ActiveCfg = Debug|Any CPU
		{1FDB7394-CFED-4237-B5CF-045CBBEB3798}.Debug|Any CPU.Build.0 = Debug|Any CPU
		{1FDB7394-CFED-4237-B5CF-045CBBEB3798}.Release|Any CPU.ActiveCfg = Release|Any CPU
		{1FDB7394-CFED-4237-B5CF-045CBBEB3798}.Release|Any CPU.Build.0 = Release|Any CPU
	EndGlobalSection
	GlobalSection(SolutionProperties) = preSolution
		HideSolutionNode = FALSE
	EndGlobalSection
	GlobalSection(ExtensibilityGlobals) = postSolution
		SolutionGuid = {B056472F-9212-44BA-997E-1150AF335569}
	EndGlobalSection
EndGlobal
